
Microsoft Visual Studio Solution File, Format Version 12.00
# Visual Studio Version 17
VisualStudioVersion = 17.1.32421.90
MinimumVisualStudioVersion = 10.0.40219.1
Project("{8BC9CEB8-8B4A-11D0-8D11-00A0C91BC942}") = "6_3", "6_3\6_3.vcxproj", "{C2A95188-E7BB-4EB3-9793-FDBF9D1456CD}"
EndProject
Global
	GlobalSection(SolutionConfigurationPlatforms) = preSolution
		Debug|x64 = Debug|x64
		Debug|x86 = Debug|x86
		Release|x64 = Release|x64
		Release|x86 = Release|x86
	EndGlobalSection
	GlobalSection(ProjectConfigurationPlatforms) = postSolution
		{C2A95188-E7BB-4EB3-9793-FDBF9D1456CD}.Debug|x64.ActiveCfg = Debug|x64
		{C2A95188-E7BB-4EB3-9793-FDBF9D1456CD}.Debug|x64.Build.0 = Debug|x64
		{C2A95188-E7BB-4EB3-9793-FDBF9D1456CD}.Debug|x86.ActiveCfg = Debug|Win32
		{C2A95188-E7BB-4EB3-9793-FDBF9D1456CD}.Debug|x86.Build.0 = Debug|Win32
		{C2A95188-E7BB-4EB3-9793-FDBF9D1456CD}.Release|x64.ActiveCfg = Release|x64
		{C2A95188-E7BB-4EB3-9793-FDBF9D1456CD}.Release|x64.Build.0 = Release|x64
		{C2A95188-E7BB-4EB3-9793-FDBF9D1456CD}.Release|x86.ActiveCfg = Release|Win32
		{C2A95188-E7BB-4EB3-9793-FDBF9D1456CD}.Release|x86.Build.0 = Release|Win32
	EndGlobalSection
	GlobalSection(SolutionProperties) = preSolution
		HideSolutionNode = FALSE
	EndGlobalSection
	GlobalSection(ExtensibilityGlobals) = postSolution
		SolutionGuid = {B52DE920-9267-4F2C-8A23-EC4F59D0EDA3}
	EndGlobalSection
EndGlobal
